// !$*UTF8*$!
{
	archiveVersion = 1;
	classes = {
	};
	objectVersion = 50;
	objects = {

/* Begin PBXBuildFile section */
		B9021894234FAF5D0010B380 /* blankTexture.png in Resources */ = {isa = PBXBuildFile; fileRef = B9021893234FAF5D0010B380 /* blankTexture.png */; };
		B9409997234B845C0037FC5E /* AppDelegate.swift in Sources */ = {isa = PBXBuildFile; fileRef = B9409996234B845C0037FC5E /* AppDelegate.swift */; };
		B9409999234B845C0037FC5E /* SceneDelegate.swift in Sources */ = {isa = PBXBuildFile; fileRef = B9409998234B845C0037FC5E /* SceneDelegate.swift */; };
		B940999B234B845C0037FC5E /* CameraViewController.swift in Sources */ = {isa = PBXBuildFile; fileRef = B940999A234B845C0037FC5E /* CameraViewController.swift */; };
		B940999E234B845C0037FC5E /* Main.storyboard in Resources */ = {isa = PBXBuildFile; fileRef = B940999C234B845C0037FC5E /* Main.storyboard */; };
		B94099A0234B845E0037FC5E /* Assets.xcassets in Resources */ = {isa = PBXBuildFile; fileRef = B940999F234B845E0037FC5E /* Assets.xcassets */; };
		B94099A3234B845E0037FC5E /* LaunchScreen.storyboard in Resources */ = {isa = PBXBuildFile; fileRef = B94099A1234B845E0037FC5E /* LaunchScreen.storyboard */; };
		B94099AE234B845E0037FC5E /* Show_Filter_SandboxTests.swift in Sources */ = {isa = PBXBuildFile; fileRef = B94099AD234B845E0037FC5E /* Show_Filter_SandboxTests.swift */; };
		B94099B9234B845E0037FC5E /* Show_Filter_SandboxUITests.swift in Sources */ = {isa = PBXBuildFile; fileRef = B94099B8234B845E0037FC5E /* Show_Filter_SandboxUITests.swift */; };
		B94099C8234B84FC0037FC5E /* InvertKernel.metal in Sources */ = {isa = PBXBuildFile; fileRef = B94099C6234B84FB0037FC5E /* InvertKernel.metal */; };
		B94099C9234B84FC0037FC5E /* InvertFilter.swift in Sources */ = {isa = PBXBuildFile; fileRef = B94099C7234B84FB0037FC5E /* InvertFilter.swift */; };
		B94099D7234B88F20037FC5E /* Kernel.swift in Sources */ = {isa = PBXBuildFile; fileRef = B94099CB234B88F10037FC5E /* Kernel.swift */; };
		B94099D8234B88F20037FC5E /* FilterAuthor.swift in Sources */ = {isa = PBXBuildFile; fileRef = B94099CC234B88F10037FC5E /* FilterAuthor.swift */; };
		B94099D9234B88F20037FC5E /* Parameter.swift in Sources */ = {isa = PBXBuildFile; fileRef = B94099CD234B88F10037FC5E /* Parameter.swift */; };
		B94099DA234B88F20037FC5E /* ParameterKeys.swift in Sources */ = {isa = PBXBuildFile; fileRef = B94099CE234B88F10037FC5E /* ParameterKeys.swift */; };
		B94099DB234B88F20037FC5E /* TextureLoader.swift in Sources */ = {isa = PBXBuildFile; fileRef = B94099CF234B88F10037FC5E /* TextureLoader.swift */; };
		B94099DD234B88F20037FC5E /* TextureParameter.swift in Sources */ = {isa = PBXBuildFile; fileRef = B94099D1234B88F10037FC5E /* TextureParameter.swift */; };
		B94099DE234B88F20037FC5E /* FloatParameter.swift in Sources */ = {isa = PBXBuildFile; fileRef = B94099D2234B88F10037FC5E /* FloatParameter.swift */; };
		B94099DF234B88F20037FC5E /* Filter.swift in Sources */ = {isa = PBXBuildFile; fileRef = B94099D3234B88F10037FC5E /* Filter.swift */; };
		B94099E0234B88F20037FC5E /* Transition.swift in Sources */ = {isa = PBXBuildFile; fileRef = B94099D4234B88F10037FC5E /* Transition.swift */; };
		B94099E1234B88F20037FC5E /* FilterParameters.swift in Sources */ = {isa = PBXBuildFile; fileRef = B94099D5234B88F10037FC5E /* FilterParameters.swift */; };
		B94099E2234B88F20037FC5E /* IntParameter.swift in Sources */ = {isa = PBXBuildFile; fileRef = B94099D6234B88F10037FC5E /* IntParameter.swift */; };
		B94099E4234B94020037FC5E /* MovieRecorder.swift in Sources */ = {isa = PBXBuildFile; fileRef = B94099E3234B94020037FC5E /* MovieRecorder.swift */; };
		B94099E6234B97B30037FC5E /* LocalizationManager.swift in Sources */ = {isa = PBXBuildFile; fileRef = B94099E5234B97B30037FC5E /* LocalizationManager.swift */; };
		B94099E8234B98250037FC5E /* FPS.swift in Sources */ = {isa = PBXBuildFile; fileRef = B94099E7234B98250037FC5E /* FPS.swift */; };
		B94099EA234B983D0037FC5E /* CameraViewRepresentable.swift in Sources */ = {isa = PBXBuildFile; fileRef = B94099E9234B983D0037FC5E /* CameraViewRepresentable.swift */; };
		B94099EC234B9B360037FC5E /* ObjC.swift in Sources */ = {isa = PBXBuildFile; fileRef = B94099EB234B9B360037FC5E /* ObjC.swift */; };
		B94099EE234B9E770037FC5E /* VideoProcessor.swift in Sources */ = {isa = PBXBuildFile; fileRef = B94099ED234B9E770037FC5E /* VideoProcessor.swift */; };
		B94099F0234B9ED60037FC5E /* FilterHelper.swift in Sources */ = {isa = PBXBuildFile; fileRef = B94099EF234B9ED60037FC5E /* FilterHelper.swift */; };
		B94099F2234B9FA20037FC5E /* CenteredItemViewConvertible.swift in Sources */ = {isa = PBXBuildFile; fileRef = B94099F1234B9FA20037FC5E /* CenteredItemViewConvertible.swift */; };
		B94099F4234B9FE20037FC5E /* Event.swift in Sources */ = {isa = PBXBuildFile; fileRef = B94099F3234B9FE20037FC5E /* Event.swift */; };
		B94099F6234BA38D0037FC5E /* AssetHelper.swift in Sources */ = {isa = PBXBuildFile; fileRef = B94099F5234BA38D0037FC5E /* AssetHelper.swift */; };
		B94099F8234BA4160037FC5E /* MetalTextureHelper.swift in Sources */ = {isa = PBXBuildFile; fileRef = B94099F7234BA4160037FC5E /* MetalTextureHelper.swift */; };
		B94099FD234BA4830037FC5E /* SimulatorMetalView.swift in Sources */ = {isa = PBXBuildFile; fileRef = B94099FA234BA4830037FC5E /* SimulatorMetalView.swift */; };
		B94099FE234BA4830037FC5E /* MetalView.swift in Sources */ = {isa = PBXBuildFile; fileRef = B94099FB234BA4830037FC5E /* MetalView.swift */; };
		B94099FF234BA4830037FC5E /* MetalViewRepresentable.swift in Sources */ = {isa = PBXBuildFile; fileRef = B94099FC234BA4830037FC5E /* MetalViewRepresentable.swift */; };
		B9409A01234BA4C70037FC5E /* MetalHelper.swift in Sources */ = {isa = PBXBuildFile; fileRef = B9409A00234BA4C70037FC5E /* MetalHelper.swift */; };
		B9409A03234BA5E50037FC5E /* FoundationExtensions.swift in Sources */ = {isa = PBXBuildFile; fileRef = B9409A02234BA5E50037FC5E /* FoundationExtensions.swift */; };
		B9409A05234BA6140037FC5E /* LocalURLBuilder.swift in Sources */ = {isa = PBXBuildFile; fileRef = B9409A04234BA6140037FC5E /* LocalURLBuilder.swift */; };
		B9409A07234BA6290037FC5E /* Storage.swift in Sources */ = {isa = PBXBuildFile; fileRef = B9409A06234BA6290037FC5E /* Storage.swift */; };
		B9409A09234BA64E0037FC5E /* String+Helpers.swift in Sources */ = {isa = PBXBuildFile; fileRef = B9409A08234BA64D0037FC5E /* String+Helpers.swift */; };
		B98837CC235A055F00932E5F /* Play.png in Resources */ = {isa = PBXBuildFile; fileRef = B98837C8235A055F00932E5F /* Play.png */; };
		B98837CD235A055F00932E5F /* Feedback@3x.png in Resources */ = {isa = PBXBuildFile; fileRef = B98837C9235A055F00932E5F /* Feedback@3x.png */; };
		B98837CE235A055F00932E5F /* Invert@3x.png in Resources */ = {isa = PBXBuildFile; fileRef = B98837CA235A055F00932E5F /* Invert@3x.png */; };
		B98837CF235A055F00932E5F /* Stop@3x.png in Resources */ = {isa = PBXBuildFile; fileRef = B98837CB235A055F00932E5F /* Stop@3x.png */; };
		B98837D1235A07F800932E5F /* iconSwitchCamera@3x.png in Resources */ = {isa = PBXBuildFile; fileRef = B98837D0235A07F800932E5F /* iconSwitchCamera@3x.png */; };
		B9A2E0AF2358B2E900DBA926 /* PhotoAlbumHelper.swift in Sources */ = {isa = PBXBuildFile; fileRef = B9A2E0AE2358B2E900DBA926 /* PhotoAlbumHelper.swift */; };
		B9A2E0B12358EE8400DBA926 /* FilterCollectionViewCell.swift in Sources */ = {isa = PBXBuildFile; fileRef = B9A2E0B02358EE8400DBA926 /* FilterCollectionViewCell.swift */; };
		B9A2E0BC2359006500DBA926 /* FeedbackKernel.metal in Sources */ = {isa = PBXBuildFile; fileRef = B9A2E0BA2359006400DBA926 /* FeedbackKernel.metal */; };
		B9A2E0BD2359006500DBA926 /* FeedbackFilter.swift in Sources */ = {isa = PBXBuildFile; fileRef = B9A2E0BB2359006400DBA926 /* FeedbackFilter.swift */; };
		B9A2E0C02359F81400DBA926 /* PassthroughKernel.metal in Sources */ = {isa = PBXBuildFile; fileRef = B9A2E0BE2359F81400DBA926 /* PassthroughKernel.metal */; };
		B9A2E0C12359F81400DBA926 /* PassthroughKernel.swift in Sources */ = {isa = PBXBuildFile; fileRef = B9A2E0BF2359F81400DBA926 /* PassthroughKernel.swift */; };
/* End PBXBuildFile section */

/* Begin PBXContainerItemProxy section */
		B94099AA234B845E0037FC5E /* PBXContainerItemProxy */ = {
			isa = PBXContainerItemProxy;
			containerPortal = B940998B234B845C0037FC5E /* Project object */;
			proxyType = 1;
			remoteGlobalIDString = B9409992234B845C0037FC5E;
			remoteInfo = "Show Filter Sandbox";
		};
		B94099B5234B845E0037FC5E /* PBXContainerItemProxy */ = {
			isa = PBXContainerItemProxy;
			containerPortal = B940998B234B845C0037FC5E /* Project object */;
			proxyType = 1;
			remoteGlobalIDString = B9409992234B845C0037FC5E;
			remoteInfo = "Show Filter Sandbox";
		};
/* End PBXContainerItemProxy section */

/* Begin PBXCopyFilesBuildPhase section */
		B902189F2350C12F0010B380 /* Embed Frameworks */ = {
			isa = PBXCopyFilesBuildPhase;
			buildActionMask = 2147483647;
			dstPath = "";
			dstSubfolderSpec = 10;
			files = (
			);
			name = "Embed Frameworks";
			runOnlyForDeploymentPostprocessing = 0;
		};
/* End PBXCopyFilesBuildPhase section */

/* Begin PBXFileReference section */
		B9021893234FAF5D0010B380 /* blankTexture.png */ = {isa = PBXFileReference; lastKnownFileType = image.png; path = blankTexture.png; sourceTree = "<group>"; };
		B9409993234B845C0037FC5E /* Show Filter Sandbox.app */ = {isa = PBXFileReference; explicitFileType = wrapper.application; includeInIndex = 0; path = "Show Filter Sandbox.app"; sourceTree = BUILT_PRODUCTS_DIR; };
		B9409996234B845C0037FC5E /* AppDelegate.swift */ = {isa = PBXFileReference; lastKnownFileType = sourcecode.swift; path = AppDelegate.swift; sourceTree = "<group>"; };
		B9409998234B845C0037FC5E /* SceneDelegate.swift */ = {isa = PBXFileReference; lastKnownFileType = sourcecode.swift; path = SceneDelegate.swift; sourceTree = "<group>"; };
		B940999A234B845C0037FC5E /* CameraViewController.swift */ = {isa = PBXFileReference; lastKnownFileType = sourcecode.swift; path = CameraViewController.swift; sourceTree = "<group>"; };
		B940999D234B845C0037FC5E /* Base */ = {isa = PBXFileReference; lastKnownFileType = file.storyboard; name = Base; path = Base.lproj/Main.storyboard; sourceTree = "<group>"; };
		B940999F234B845E0037FC5E /* Assets.xcassets */ = {isa = PBXFileReference; lastKnownFileType = folder.assetcatalog; path = Assets.xcassets; sourceTree = "<group>"; };
		B94099A2234B845E0037FC5E /* Base */ = {isa = PBXFileReference; lastKnownFileType = file.storyboard; name = Base; path = Base.lproj/LaunchScreen.storyboard; sourceTree = "<group>"; };
		B94099A4234B845E0037FC5E /* Info.plist */ = {isa = PBXFileReference; lastKnownFileType = text.plist.xml; path = Info.plist; sourceTree = "<group>"; };
		B94099A9234B845E0037FC5E /* Show Filter SandboxTests.xctest */ = {isa = PBXFileReference; explicitFileType = wrapper.cfbundle; includeInIndex = 0; path = "Show Filter SandboxTests.xctest"; sourceTree = BUILT_PRODUCTS_DIR; };
		B94099AD234B845E0037FC5E /* Show_Filter_SandboxTests.swift */ = {isa = PBXFileReference; lastKnownFileType = sourcecode.swift; path = Show_Filter_SandboxTests.swift; sourceTree = "<group>"; };
		B94099AF234B845E0037FC5E /* Info.plist */ = {isa = PBXFileReference; lastKnownFileType = text.plist.xml; path = Info.plist; sourceTree = "<group>"; };
		B94099B4234B845E0037FC5E /* Show Filter SandboxUITests.xctest */ = {isa = PBXFileReference; explicitFileType = wrapper.cfbundle; includeInIndex = 0; path = "Show Filter SandboxUITests.xctest"; sourceTree = BUILT_PRODUCTS_DIR; };
		B94099B8234B845E0037FC5E /* Show_Filter_SandboxUITests.swift */ = {isa = PBXFileReference; lastKnownFileType = sourcecode.swift; path = Show_Filter_SandboxUITests.swift; sourceTree = "<group>"; };
		B94099BA234B845E0037FC5E /* Info.plist */ = {isa = PBXFileReference; lastKnownFileType = text.plist.xml; path = Info.plist; sourceTree = "<group>"; };
		B94099C6234B84FB0037FC5E /* InvertKernel.metal */ = {isa = PBXFileReference; fileEncoding = 4; lastKnownFileType = sourcecode.metal; path = InvertKernel.metal; sourceTree = "<group>"; };
		B94099C7234B84FB0037FC5E /* InvertFilter.swift */ = {isa = PBXFileReference; fileEncoding = 4; lastKnownFileType = sourcecode.swift; path = InvertFilter.swift; sourceTree = "<group>"; };
		B94099CB234B88F10037FC5E /* Kernel.swift */ = {isa = PBXFileReference; fileEncoding = 4; lastKnownFileType = sourcecode.swift; path = Kernel.swift; sourceTree = "<group>"; };
		B94099CC234B88F10037FC5E /* FilterAuthor.swift */ = {isa = PBXFileReference; fileEncoding = 4; lastKnownFileType = sourcecode.swift; path = FilterAuthor.swift; sourceTree = "<group>"; };
		B94099CD234B88F10037FC5E /* Parameter.swift */ = {isa = PBXFileReference; fileEncoding = 4; lastKnownFileType = sourcecode.swift; path = Parameter.swift; sourceTree = "<group>"; };
		B94099CE234B88F10037FC5E /* ParameterKeys.swift */ = {isa = PBXFileReference; fileEncoding = 4; lastKnownFileType = sourcecode.swift; path = ParameterKeys.swift; sourceTree = "<group>"; };
		B94099CF234B88F10037FC5E /* TextureLoader.swift */ = {isa = PBXFileReference; fileEncoding = 4; lastKnownFileType = sourcecode.swift; path = TextureLoader.swift; sourceTree = "<group>"; };
		B94099D1234B88F10037FC5E /* TextureParameter.swift */ = {isa = PBXFileReference; fileEncoding = 4; lastKnownFileType = sourcecode.swift; path = TextureParameter.swift; sourceTree = "<group>"; };
		B94099D2234B88F10037FC5E /* FloatParameter.swift */ = {isa = PBXFileReference; fileEncoding = 4; lastKnownFileType = sourcecode.swift; path = FloatParameter.swift; sourceTree = "<group>"; };
		B94099D3234B88F10037FC5E /* Filter.swift */ = {isa = PBXFileReference; fileEncoding = 4; lastKnownFileType = sourcecode.swift; path = Filter.swift; sourceTree = "<group>"; };
		B94099D4234B88F10037FC5E /* Transition.swift */ = {isa = PBXFileReference; fileEncoding = 4; lastKnownFileType = sourcecode.swift; path = Transition.swift; sourceTree = "<group>"; };
		B94099D5234B88F10037FC5E /* FilterParameters.swift */ = {isa = PBXFileReference; fileEncoding = 4; lastKnownFileType = sourcecode.swift; path = FilterParameters.swift; sourceTree = "<group>"; };
		B94099D6234B88F10037FC5E /* IntParameter.swift */ = {isa = PBXFileReference; fileEncoding = 4; lastKnownFileType = sourcecode.swift; path = IntParameter.swift; sourceTree = "<group>"; };
		B94099E3234B94020037FC5E /* MovieRecorder.swift */ = {isa = PBXFileReference; fileEncoding = 4; lastKnownFileType = sourcecode.swift; path = MovieRecorder.swift; sourceTree = "<group>"; };
		B94099E5234B97B30037FC5E /* LocalizationManager.swift */ = {isa = PBXFileReference; fileEncoding = 4; lastKnownFileType = sourcecode.swift; name = LocalizationManager.swift; path = "Show Filter Sandbox/LocalizationManager.swift"; sourceTree = SOURCE_ROOT; };
		B94099E7234B98250037FC5E /* FPS.swift */ = {isa = PBXFileReference; fileEncoding = 4; lastKnownFileType = sourcecode.swift; name = FPS.swift; path = "Show Filter Sandbox/FPS.swift"; sourceTree = SOURCE_ROOT; };
		B94099E9234B983D0037FC5E /* CameraViewRepresentable.swift */ = {isa = PBXFileReference; fileEncoding = 4; lastKnownFileType = sourcecode.swift; path = CameraViewRepresentable.swift; sourceTree = "<group>"; };
		B94099EB234B9B360037FC5E /* ObjC.swift */ = {isa = PBXFileReference; fileEncoding = 4; lastKnownFileType = sourcecode.swift; name = ObjC.swift; path = "Show Filter Sandbox/ObjC.swift"; sourceTree = SOURCE_ROOT; };
		B94099ED234B9E770037FC5E /* VideoProcessor.swift */ = {isa = PBXFileReference; fileEncoding = 4; lastKnownFileType = sourcecode.swift; path = VideoProcessor.swift; sourceTree = "<group>"; };
		B94099EF234B9ED60037FC5E /* FilterHelper.swift */ = {isa = PBXFileReference; fileEncoding = 4; lastKnownFileType = sourcecode.swift; path = FilterHelper.swift; sourceTree = "<group>"; };
		B94099F1234B9FA20037FC5E /* CenteredItemViewConvertible.swift */ = {isa = PBXFileReference; fileEncoding = 4; lastKnownFileType = sourcecode.swift; path = CenteredItemViewConvertible.swift; sourceTree = "<group>"; };
		B94099F3234B9FE20037FC5E /* Event.swift */ = {isa = PBXFileReference; fileEncoding = 4; lastKnownFileType = sourcecode.swift; path = Event.swift; sourceTree = "<group>"; };
		B94099F5234BA38D0037FC5E /* AssetHelper.swift */ = {isa = PBXFileReference; fileEncoding = 4; lastKnownFileType = sourcecode.swift; path = AssetHelper.swift; sourceTree = "<group>"; };
		B94099F7234BA4160037FC5E /* MetalTextureHelper.swift */ = {isa = PBXFileReference; fileEncoding = 4; lastKnownFileType = sourcecode.swift; path = MetalTextureHelper.swift; sourceTree = "<group>"; };
		B94099FA234BA4830037FC5E /* SimulatorMetalView.swift */ = {isa = PBXFileReference; fileEncoding = 4; lastKnownFileType = sourcecode.swift; path = SimulatorMetalView.swift; sourceTree = "<group>"; };
		B94099FB234BA4830037FC5E /* MetalView.swift */ = {isa = PBXFileReference; fileEncoding = 4; lastKnownFileType = sourcecode.swift; path = MetalView.swift; sourceTree = "<group>"; };
		B94099FC234BA4830037FC5E /* MetalViewRepresentable.swift */ = {isa = PBXFileReference; fileEncoding = 4; lastKnownFileType = sourcecode.swift; path = MetalViewRepresentable.swift; sourceTree = "<group>"; };
		B9409A00234BA4C70037FC5E /* MetalHelper.swift */ = {isa = PBXFileReference; fileEncoding = 4; lastKnownFileType = sourcecode.swift; path = MetalHelper.swift; sourceTree = "<group>"; };
		B9409A02234BA5E50037FC5E /* FoundationExtensions.swift */ = {isa = PBXFileReference; fileEncoding = 4; lastKnownFileType = sourcecode.swift; path = FoundationExtensions.swift; sourceTree = "<group>"; };
		B9409A04234BA6140037FC5E /* LocalURLBuilder.swift */ = {isa = PBXFileReference; fileEncoding = 4; lastKnownFileType = sourcecode.swift; path = LocalURLBuilder.swift; sourceTree = "<group>"; };
		B9409A06234BA6290037FC5E /* Storage.swift */ = {isa = PBXFileReference; fileEncoding = 4; lastKnownFileType = sourcecode.swift; path = Storage.swift; sourceTree = "<group>"; };
		B9409A08234BA64D0037FC5E /* String+Helpers.swift */ = {isa = PBXFileReference; fileEncoding = 4; lastKnownFileType = sourcecode.swift; path = "String+Helpers.swift"; sourceTree = "<group>"; };
		B98837C8235A055F00932E5F /* Play.png */ = {isa = PBXFileReference; lastKnownFileType = image.png; path = Play.png; sourceTree = "<group>"; };
		B98837C9235A055F00932E5F /* Feedback@3x.png */ = {isa = PBXFileReference; lastKnownFileType = image.png; path = "Feedback@3x.png"; sourceTree = "<group>"; };
		B98837CA235A055F00932E5F /* Invert@3x.png */ = {isa = PBXFileReference; lastKnownFileType = image.png; path = "Invert@3x.png"; sourceTree = "<group>"; };
		B98837CB235A055F00932E5F /* Stop@3x.png */ = {isa = PBXFileReference; lastKnownFileType = image.png; path = "Stop@3x.png"; sourceTree = "<group>"; };
		B98837D0235A07F800932E5F /* iconSwitchCamera@3x.png */ = {isa = PBXFileReference; lastKnownFileType = image.png; path = "iconSwitchCamera@3x.png"; sourceTree = "<group>"; };
		B9A2E0AE2358B2E900DBA926 /* PhotoAlbumHelper.swift */ = {isa = PBXFileReference; fileEncoding = 4; lastKnownFileType = sourcecode.swift; path = PhotoAlbumHelper.swift; sourceTree = "<group>"; };
		B9A2E0B02358EE8400DBA926 /* FilterCollectionViewCell.swift */ = {isa = PBXFileReference; lastKnownFileType = sourcecode.swift; path = FilterCollectionViewCell.swift; sourceTree = "<group>"; };
		B9A2E0BA2359006400DBA926 /* FeedbackKernel.metal */ = {isa = PBXFileReference; fileEncoding = 4; lastKnownFileType = sourcecode.metal; path = FeedbackKernel.metal; sourceTree = "<group>"; };
		B9A2E0BB2359006400DBA926 /* FeedbackFilter.swift */ = {isa = PBXFileReference; fileEncoding = 4; lastKnownFileType = sourcecode.swift; path = FeedbackFilter.swift; sourceTree = "<group>"; };
		B9A2E0BE2359F81400DBA926 /* PassthroughKernel.metal */ = {isa = PBXFileReference; fileEncoding = 4; lastKnownFileType = sourcecode.metal; path = PassthroughKernel.metal; sourceTree = "<group>"; };
		B9A2E0BF2359F81400DBA926 /* PassthroughKernel.swift */ = {isa = PBXFileReference; fileEncoding = 4; lastKnownFileType = sourcecode.swift; path = PassthroughKernel.swift; sourceTree = "<group>"; };
/* End PBXFileReference section */

/* Begin PBXFrameworksBuildPhase section */
		B9409990234B845C0037FC5E /* Frameworks */ = {
			isa = PBXFrameworksBuildPhase;
			buildActionMask = 2147483647;
			files = (
			);
			runOnlyForDeploymentPostprocessing = 0;
		};
		B94099A6234B845E0037FC5E /* Frameworks */ = {
			isa = PBXFrameworksBuildPhase;
			buildActionMask = 2147483647;
			files = (
			);
			runOnlyForDeploymentPostprocessing = 0;
		};
		B94099B1234B845E0037FC5E /* Frameworks */ = {
			isa = PBXFrameworksBuildPhase;
			buildActionMask = 2147483647;
			files = (
			);
			runOnlyForDeploymentPostprocessing = 0;
		};
/* End PBXFrameworksBuildPhase section */

/* Begin PBXGroup section */
		B90218A12353F9910010B380 /* Helpers */ = {
			isa = PBXGroup;
			children = (
				B9A2E0AE2358B2E900DBA926 /* PhotoAlbumHelper.swift */,
				B9409A04234BA6140037FC5E /* LocalURLBuilder.swift */,
				B94099F5234BA38D0037FC5E /* AssetHelper.swift */,
				B9409A08234BA64D0037FC5E /* String+Helpers.swift */,
				B9409A02234BA5E50037FC5E /* FoundationExtensions.swift */,
				B94099F7234BA4160037FC5E /* MetalTextureHelper.swift */,
				B9409A00234BA4C70037FC5E /* MetalHelper.swift */,
				B94099EF234B9ED60037FC5E /* FilterHelper.swift */,
			);
			path = Helpers;
			sourceTree = "<group>";
		};
		B90218A22353F9B40010B380 /* UI */ = {
			isa = PBXGroup;
			children = (
				B9A2E0C22359FD9000DBA926 /* Images */,
				B94099F9234BA4830037FC5E /* MetalView */,
				B94099ED234B9E770037FC5E /* VideoProcessor.swift */,
				B940999C234B845C0037FC5E /* Main.storyboard */,
				B94099A1234B845E0037FC5E /* LaunchScreen.storyboard */,
				B940999A234B845C0037FC5E /* CameraViewController.swift */,
				B9A2E0B02358EE8400DBA926 /* FilterCollectionViewCell.swift */,
				B94099E9234B983D0037FC5E /* CameraViewRepresentable.swift */,
				B94099F1234B9FA20037FC5E /* CenteredItemViewConvertible.swift */,
			);
			path = UI;
			sourceTree = "<group>";
		};
		B90218A32353F9F90010B380 /* Resources */ = {
			isa = PBXGroup;
			children = (
				B940999F234B845E0037FC5E /* Assets.xcassets */,
				B9021893234FAF5D0010B380 /* blankTexture.png */,
			);
			path = Resources;
			sourceTree = "<group>";
		};
		B90218A42353FA480010B380 /* Utilities */ = {
			isa = PBXGroup;
			children = (
				B9409A06234BA6290037FC5E /* Storage.swift */,
				B94099F3234B9FE20037FC5E /* Event.swift */,
				B9409998234B845C0037FC5E /* SceneDelegate.swift */,
				B94099E3234B94020037FC5E /* MovieRecorder.swift */,
			);
			path = Utilities;
			sourceTree = "<group>";
		};
		B940998A234B845C0037FC5E = {
			isa = PBXGroup;
			children = (
				B9409995234B845C0037FC5E /* Show Filter Sandbox */,
				B94099AC234B845E0037FC5E /* Show Filter SandboxTests */,
				B94099B7234B845E0037FC5E /* Show Filter SandboxUITests */,
				B9409994234B845C0037FC5E /* Products */,
			);
			sourceTree = "<group>";
		};
		B9409994234B845C0037FC5E /* Products */ = {
			isa = PBXGroup;
			children = (
				B9409993234B845C0037FC5E /* Show Filter Sandbox.app */,
				B94099A9234B845E0037FC5E /* Show Filter SandboxTests.xctest */,
				B94099B4234B845E0037FC5E /* Show Filter SandboxUITests.xctest */,
			);
			name = Products;
			sourceTree = "<group>";
		};
		B9409995234B845C0037FC5E /* Show Filter Sandbox */ = {
			isa = PBXGroup;
			children = (
				B9A2E0BB2359006400DBA926 /* FeedbackFilter.swift */,
				B9A2E0BA2359006400DBA926 /* FeedbackKernel.metal */,
				B94099C6234B84FB0037FC5E /* InvertKernel.metal */,
				B94099C7234B84FB0037FC5E /* InvertFilter.swift */,
				B9A2E0BE2359F81400DBA926 /* PassthroughKernel.metal */,
				B9A2E0BF2359F81400DBA926 /* PassthroughKernel.swift */,
				B90218A42353FA480010B380 /* Utilities */,
				B90218A32353F9F90010B380 /* Resources */,
				B90218A22353F9B40010B380 /* UI */,
				B90218A12353F9910010B380 /* Helpers */,
				B94099CA234B88F10037FC5E /* Filter */,
				B9409996234B845C0037FC5E /* AppDelegate.swift */,
				B94099A4234B845E0037FC5E /* Info.plist */,
			);
			path = "Show Filter Sandbox";
			sourceTree = "<group>";
		};
		B94099AC234B845E0037FC5E /* Show Filter SandboxTests */ = {
			isa = PBXGroup;
			children = (
				B94099AD234B845E0037FC5E /* Show_Filter_SandboxTests.swift */,
				B94099AF234B845E0037FC5E /* Info.plist */,
			);
			path = "Show Filter SandboxTests";
			sourceTree = "<group>";
		};
		B94099B7234B845E0037FC5E /* Show Filter SandboxUITests */ = {
			isa = PBXGroup;
			children = (
				B94099B8234B845E0037FC5E /* Show_Filter_SandboxUITests.swift */,
				B94099BA234B845E0037FC5E /* Info.plist */,
			);
			path = "Show Filter SandboxUITests";
			sourceTree = "<group>";
		};
		B94099CA234B88F10037FC5E /* Filter */ = {
			isa = PBXGroup;
			children = (
				B94099EB234B9B360037FC5E /* ObjC.swift */,
				B94099E7234B98250037FC5E /* FPS.swift */,
				B94099E5234B97B30037FC5E /* LocalizationManager.swift */,
				B94099CB234B88F10037FC5E /* Kernel.swift */,
				B94099CC234B88F10037FC5E /* FilterAuthor.swift */,
				B94099CD234B88F10037FC5E /* Parameter.swift */,
				B94099CE234B88F10037FC5E /* ParameterKeys.swift */,
				B94099CF234B88F10037FC5E /* TextureLoader.swift */,
				B94099D1234B88F10037FC5E /* TextureParameter.swift */,
				B94099D2234B88F10037FC5E /* FloatParameter.swift */,
				B94099D3234B88F10037FC5E /* Filter.swift */,
				B94099D4234B88F10037FC5E /* Transition.swift */,
				B94099D5234B88F10037FC5E /* FilterParameters.swift */,
				B94099D6234B88F10037FC5E /* IntParameter.swift */,
			);
			path = Filter;
			sourceTree = "<group>";
		};
		B94099F9234BA4830037FC5E /* MetalView */ = {
			isa = PBXGroup;
			children = (
				B94099FA234BA4830037FC5E /* SimulatorMetalView.swift */,
				B94099FB234BA4830037FC5E /* MetalView.swift */,
				B94099FC234BA4830037FC5E /* MetalViewRepresentable.swift */,
			);
			name = MetalView;
			path = "Show Filter Sandbox/UI/MetalView";
			sourceTree = SOURCE_ROOT;
		};
		B9A2E0C22359FD9000DBA926 /* Images */ = {
			isa = PBXGroup;
			children = (
				B98837D0235A07F800932E5F /* iconSwitchCamera@3x.png */,
				B98837C9235A055F00932E5F /* Feedback@3x.png */,
				B98837CA235A055F00932E5F /* Invert@3x.png */,
				B98837C8235A055F00932E5F /* Play.png */,
				B98837CB235A055F00932E5F /* Stop@3x.png */,
			);
			name = Images;
			path = "Show Filter Sandbox/Images";
			sourceTree = SOURCE_ROOT;
		};
/* End PBXGroup section */

/* Begin PBXNativeTarget section */
		B9409992234B845C0037FC5E /* Show Filter Sandbox */ = {
			isa = PBXNativeTarget;
			buildConfigurationList = B94099BD234B845E0037FC5E /* Build configuration list for PBXNativeTarget "Show Filter Sandbox" */;
			buildPhases = (
				B940998F234B845C0037FC5E /* Sources */,
				B9409990234B845C0037FC5E /* Frameworks */,
				B9409991234B845C0037FC5E /* Resources */,
				B902189F2350C12F0010B380 /* Embed Frameworks */,
				B90218A02350C1600010B380 /* ShellScript */,
			);
			buildRules = (
			);
			dependencies = (
			);
			name = "Show Filter Sandbox";
			productName = "Show Filter Sandbox";
			productReference = B9409993234B845C0037FC5E /* Show Filter Sandbox.app */;
			productType = "com.apple.product-type.application";
		};
		B94099A8234B845E0037FC5E /* Show Filter SandboxTests */ = {
			isa = PBXNativeTarget;
			buildConfigurationList = B94099C0234B845E0037FC5E /* Build configuration list for PBXNativeTarget "Show Filter SandboxTests" */;
			buildPhases = (
				B94099A5234B845E0037FC5E /* Sources */,
				B94099A6234B845E0037FC5E /* Frameworks */,
				B94099A7234B845E0037FC5E /* Resources */,
			);
			buildRules = (
			);
			dependencies = (
				B94099AB234B845E0037FC5E /* PBXTargetDependency */,
			);
			name = "Show Filter SandboxTests";
			productName = "Show Filter SandboxTests";
			productReference = B94099A9234B845E0037FC5E /* Show Filter SandboxTests.xctest */;
			productType = "com.apple.product-type.bundle.unit-test";
		};
		B94099B3234B845E0037FC5E /* Show Filter SandboxUITests */ = {
			isa = PBXNativeTarget;
			buildConfigurationList = B94099C3234B845E0037FC5E /* Build configuration list for PBXNativeTarget "Show Filter SandboxUITests" */;
			buildPhases = (
				B94099B0234B845E0037FC5E /* Sources */,
				B94099B1234B845E0037FC5E /* Frameworks */,
				B94099B2234B845E0037FC5E /* Resources */,
			);
			buildRules = (
			);
			dependencies = (
				B94099B6234B845E0037FC5E /* PBXTargetDependency */,
			);
			name = "Show Filter SandboxUITests";
			productName = "Show Filter SandboxUITests";
			productReference = B94099B4234B845E0037FC5E /* Show Filter SandboxUITests.xctest */;
			productType = "com.apple.product-type.bundle.ui-testing";
		};
/* End PBXNativeTarget section */

/* Begin PBXProject section */
		B940998B234B845C0037FC5E /* Project object */ = {
			isa = PBXProject;
			attributes = {
				LastSwiftUpdateCheck = 1100;
				LastUpgradeCheck = 1100;
				ORGANIZATIONNAME = "Mav Farm";
				TargetAttributes = {
					B9409992234B845C0037FC5E = {
						CreatedOnToolsVersion = 11.0;
					};
					B94099A8234B845E0037FC5E = {
						CreatedOnToolsVersion = 11.0;
						TestTargetID = B9409992234B845C0037FC5E;
					};
					B94099B3234B845E0037FC5E = {
						CreatedOnToolsVersion = 11.0;
						TestTargetID = B9409992234B845C0037FC5E;
					};
				};
			};
			buildConfigurationList = B940998E234B845C0037FC5E /* Build configuration list for PBXProject "Show Filter Sandbox" */;
			compatibilityVersion = "Xcode 9.3";
			developmentRegion = en;
			hasScannedForEncodings = 0;
			knownRegions = (
				en,
				Base,
			);
			mainGroup = B940998A234B845C0037FC5E;
			productRefGroup = B9409994234B845C0037FC5E /* Products */;
			projectDirPath = "";
			projectRoot = "";
			targets = (
				B9409992234B845C0037FC5E /* Show Filter Sandbox */,
				B94099A8234B845E0037FC5E /* Show Filter SandboxTests */,
				B94099B3234B845E0037FC5E /* Show Filter SandboxUITests */,
			);
		};
/* End PBXProject section */

/* Begin PBXResourcesBuildPhase section */
		B9409991234B845C0037FC5E /* Resources */ = {
			isa = PBXResourcesBuildPhase;
			buildActionMask = 2147483647;
			files = (
				B9021894234FAF5D0010B380 /* blankTexture.png in Resources */,
				B94099A3234B845E0037FC5E /* LaunchScreen.storyboard in Resources */,
				B98837CC235A055F00932E5F /* Play.png in Resources */,
				B94099A0234B845E0037FC5E /* Assets.xcassets in Resources */,
				B98837CD235A055F00932E5F /* Feedback@3x.png in Resources */,
				B940999E234B845C0037FC5E /* Main.storyboard in Resources */,
				B98837CE235A055F00932E5F /* Invert@3x.png in Resources */,
				B98837D1235A07F800932E5F /* iconSwitchCamera@3x.png in Resources */,
				B98837CF235A055F00932E5F /* Stop@3x.png in Resources */,
			);
			runOnlyForDeploymentPostprocessing = 0;
		};
		B94099A7234B845E0037FC5E /* Resources */ = {
			isa = PBXResourcesBuildPhase;
			buildActionMask = 2147483647;
			files = (
			);
			runOnlyForDeploymentPostprocessing = 0;
		};
		B94099B2234B845E0037FC5E /* Resources */ = {
			isa = PBXResourcesBuildPhase;
			buildActionMask = 2147483647;
			files = (
			);
			runOnlyForDeploymentPostprocessing = 0;
		};
/* End PBXResourcesBuildPhase section */

/* Begin PBXShellScriptBuildPhase section */
		B90218A02350C1600010B380 /* ShellScript */ = {
			isa = PBXShellScriptBuildPhase;
			buildActionMask = 2147483647;
			files = (
			);
			inputFileListPaths = (
			);
			inputPaths = (
				"$(SRCROOT)/Carthage/Build/iOS/SnapKit.framework",
			);
			outputFileListPaths = (
			);
			outputPaths = (
			);
			runOnlyForDeploymentPostprocessing = 0;
			shellPath = /bin/sh;
			shellScript = "/usr/local/bin/carthage copy-frameworks\n";
		};
/* End PBXShellScriptBuildPhase section */

/* Begin PBXSourcesBuildPhase section */
		B940998F234B845C0037FC5E /* Sources */ = {
			isa = PBXSourcesBuildPhase;
			buildActionMask = 2147483647;
			files = (
				B94099E0234B88F20037FC5E /* Transition.swift in Sources */,
				B94099F0234B9ED60037FC5E /* FilterHelper.swift in Sources */,
				B94099D7234B88F20037FC5E /* Kernel.swift in Sources */,
				B94099EE234B9E770037FC5E /* VideoProcessor.swift in Sources */,
				B940999B234B845C0037FC5E /* CameraViewController.swift in Sources */,
				B9409A05234BA6140037FC5E /* LocalURLBuilder.swift in Sources */,
				B94099EC234B9B360037FC5E /* ObjC.swift in Sources */,
				B94099E4234B94020037FC5E /* MovieRecorder.swift in Sources */,
				B9A2E0BD2359006500DBA926 /* FeedbackFilter.swift in Sources */,
				B94099FF234BA4830037FC5E /* MetalViewRepresentable.swift in Sources */,
				B94099EA234B983D0037FC5E /* CameraViewRepresentable.swift in Sources */,
				B94099C9234B84FC0037FC5E /* InvertFilter.swift in Sources */,
				B9A2E0B12358EE8400DBA926 /* FilterCollectionViewCell.swift in Sources */,
				B94099DD234B88F20037FC5E /* TextureParameter.swift in Sources */,
				B9A2E0AF2358B2E900DBA926 /* PhotoAlbumHelper.swift in Sources */,
				B9A2E0C12359F81400DBA926 /* PassthroughKernel.swift in Sources */,
				B94099E2234B88F20037FC5E /* IntParameter.swift in Sources */,
				B94099E8234B98250037FC5E /* FPS.swift in Sources */,
				B94099DE234B88F20037FC5E /* FloatParameter.swift in Sources */,
				B9409A07234BA6290037FC5E /* Storage.swift in Sources */,
				B94099D9234B88F20037FC5E /* Parameter.swift in Sources */,
				B9A2E0BC2359006500DBA926 /* FeedbackKernel.metal in Sources */,
				B94099F8234BA4160037FC5E /* MetalTextureHelper.swift in Sources */,
				B94099FE234BA4830037FC5E /* MetalView.swift in Sources */,
				B94099DA234B88F20037FC5E /* ParameterKeys.swift in Sources */,
				B9409A09234BA64E0037FC5E /* String+Helpers.swift in Sources */,
				B9A2E0C02359F81400DBA926 /* PassthroughKernel.metal in Sources */,
				B94099E6234B97B30037FC5E /* LocalizationManager.swift in Sources */,
				B94099DF234B88F20037FC5E /* Filter.swift in Sources */,
				B94099C8234B84FC0037FC5E /* InvertKernel.metal in Sources */,
				B9409997234B845C0037FC5E /* AppDelegate.swift in Sources */,
				B94099E1234B88F20037FC5E /* FilterParameters.swift in Sources */,
				B94099FD234BA4830037FC5E /* SimulatorMetalView.swift in Sources */,
				B9409999234B845C0037FC5E /* SceneDelegate.swift in Sources */,
				B94099DB234B88F20037FC5E /* TextureLoader.swift in Sources */,
				B94099D8234B88F20037FC5E /* FilterAuthor.swift in Sources */,
				B94099F2234B9FA20037FC5E /* CenteredItemViewConvertible.swift in Sources */,
				B9409A03234BA5E50037FC5E /* FoundationExtensions.swift in Sources */,
				B94099F6234BA38D0037FC5E /* AssetHelper.swift in Sources */,
				B94099F4234B9FE20037FC5E /* Event.swift in Sources */,
				B9409A01234BA4C70037FC5E /* MetalHelper.swift in Sources */,
			);
			runOnlyForDeploymentPostprocessing = 0;
		};
		B94099A5234B845E0037FC5E /* Sources */ = {
			isa = PBXSourcesBuildPhase;
			buildActionMask = 2147483647;
			files = (
				B94099AE234B845E0037FC5E /* Show_Filter_SandboxTests.swift in Sources */,
			);
			runOnlyForDeploymentPostprocessing = 0;
		};
		B94099B0234B845E0037FC5E /* Sources */ = {
			isa = PBXSourcesBuildPhase;
			buildActionMask = 2147483647;
			files = (
				B94099B9234B845E0037FC5E /* Show_Filter_SandboxUITests.swift in Sources */,
			);
			runOnlyForDeploymentPostprocessing = 0;
		};
/* End PBXSourcesBuildPhase section */

/* Begin PBXTargetDependency section */
		B94099AB234B845E0037FC5E /* PBXTargetDependency */ = {
			isa = PBXTargetDependency;
			target = B9409992234B845C0037FC5E /* Show Filter Sandbox */;
			targetProxy = B94099AA234B845E0037FC5E /* PBXContainerItemProxy */;
		};
		B94099B6234B845E0037FC5E /* PBXTargetDependency */ = {
			isa = PBXTargetDependency;
			target = B9409992234B845C0037FC5E /* Show Filter Sandbox */;
			targetProxy = B94099B5234B845E0037FC5E /* PBXContainerItemProxy */;
		};
/* End PBXTargetDependency section */

/* Begin PBXVariantGroup section */
		B940999C234B845C0037FC5E /* Main.storyboard */ = {
			isa = PBXVariantGroup;
			children = (
				B940999D234B845C0037FC5E /* Base */,
			);
			name = Main.storyboard;
			sourceTree = "<group>";
		};
		B94099A1234B845E0037FC5E /* LaunchScreen.storyboard */ = {
			isa = PBXVariantGroup;
			children = (
				B94099A2234B845E0037FC5E /* Base */,
			);
			name = LaunchScreen.storyboard;
			sourceTree = "<group>";
		};
/* End PBXVariantGroup section */

/* Begin XCBuildConfiguration section */
		B94099BB234B845E0037FC5E /* Debug */ = {
			isa = XCBuildConfiguration;
			buildSettings = {
				ALWAYS_SEARCH_USER_PATHS = NO;
				CLANG_ANALYZER_NONNULL = YES;
				CLANG_ANALYZER_NUMBER_OBJECT_CONVERSION = YES_AGGRESSIVE;
				CLANG_CXX_LANGUAGE_STANDARD = "gnu++14";
				CLANG_CXX_LIBRARY = "libc++";
				CLANG_ENABLE_MODULES = YES;
				CLANG_ENABLE_OBJC_ARC = YES;
				CLANG_ENABLE_OBJC_WEAK = YES;
				CLANG_WARN_BLOCK_CAPTURE_AUTORELEASING = YES;
				CLANG_WARN_BOOL_CONVERSION = YES;
				CLANG_WARN_COMMA = YES;
				CLANG_WARN_CONSTANT_CONVERSION = YES;
				CLANG_WARN_DEPRECATED_OBJC_IMPLEMENTATIONS = YES;
				CLANG_WARN_DIRECT_OBJC_ISA_USAGE = YES_ERROR;
				CLANG_WARN_DOCUMENTATION_COMMENTS = YES;
				CLANG_WARN_EMPTY_BODY = YES;
				CLANG_WARN_ENUM_CONVERSION = YES;
				CLANG_WARN_INFINITE_RECURSION = YES;
				CLANG_WARN_INT_CONVERSION = YES;
				CLANG_WARN_NON_LITERAL_NULL_CONVERSION = YES;
				CLANG_WARN_OBJC_IMPLICIT_RETAIN_SELF = YES;
				CLANG_WARN_OBJC_LITERAL_CONVERSION = YES;
				CLANG_WARN_OBJC_ROOT_CLASS = YES_ERROR;
				CLANG_WARN_RANGE_LOOP_ANALYSIS = YES;
				CLANG_WARN_STRICT_PROTOTYPES = YES;
				CLANG_WARN_SUSPICIOUS_MOVE = YES;
				CLANG_WARN_UNGUARDED_AVAILABILITY = YES_AGGRESSIVE;
				CLANG_WARN_UNREACHABLE_CODE = YES;
				CLANG_WARN__DUPLICATE_METHOD_MATCH = YES;
				COPY_PHASE_STRIP = NO;
				DEBUG_INFORMATION_FORMAT = dwarf;
				ENABLE_STRICT_OBJC_MSGSEND = YES;
				ENABLE_TESTABILITY = YES;
				GCC_C_LANGUAGE_STANDARD = gnu11;
				GCC_DYNAMIC_NO_PIC = NO;
				GCC_NO_COMMON_BLOCKS = YES;
				GCC_OPTIMIZATION_LEVEL = 0;
				GCC_PREPROCESSOR_DEFINITIONS = (
					"DEBUG=1",
					"$(inherited)",
				);
				GCC_WARN_64_TO_32_BIT_CONVERSION = YES;
				GCC_WARN_ABOUT_RETURN_TYPE = YES_ERROR;
				GCC_WARN_UNDECLARED_SELECTOR = YES;
				GCC_WARN_UNINITIALIZED_AUTOS = YES_AGGRESSIVE;
				GCC_WARN_UNUSED_FUNCTION = YES;
				GCC_WARN_UNUSED_VARIABLE = YES;
				IPHONEOS_DEPLOYMENT_TARGET = 13.0;
				MTL_ENABLE_DEBUG_INFO = INCLUDE_SOURCE;
				MTL_FAST_MATH = YES;
				ONLY_ACTIVE_ARCH = YES;
				SDKROOT = iphoneos;
				SWIFT_ACTIVE_COMPILATION_CONDITIONS = DEBUG;
				SWIFT_OPTIMIZATION_LEVEL = "-Onone";
			};
			name = Debug;
		};
		B94099BC234B845E0037FC5E /* Release */ = {
			isa = XCBuildConfiguration;
			buildSettings = {
				ALWAYS_SEARCH_USER_PATHS = NO;
				CLANG_ANALYZER_NONNULL = YES;
				CLANG_ANALYZER_NUMBER_OBJECT_CONVERSION = YES_AGGRESSIVE;
				CLANG_CXX_LANGUAGE_STANDARD = "gnu++14";
				CLANG_CXX_LIBRARY = "libc++";
				CLANG_ENABLE_MODULES = YES;
				CLANG_ENABLE_OBJC_ARC = YES;
				CLANG_ENABLE_OBJC_WEAK = YES;
				CLANG_WARN_BLOCK_CAPTURE_AUTORELEASING = YES;
				CLANG_WARN_BOOL_CONVERSION = YES;
				CLANG_WARN_COMMA = YES;
				CLANG_WARN_CONSTANT_CONVERSION = YES;
				CLANG_WARN_DEPRECATED_OBJC_IMPLEMENTATIONS = YES;
				CLANG_WARN_DIRECT_OBJC_ISA_USAGE = YES_ERROR;
				CLANG_WARN_DOCUMENTATION_COMMENTS = YES;
				CLANG_WARN_EMPTY_BODY = YES;
				CLANG_WARN_ENUM_CONVERSION = YES;
				CLANG_WARN_INFINITE_RECURSION = YES;
				CLANG_WARN_INT_CONVERSION = YES;
				CLANG_WARN_NON_LITERAL_NULL_CONVERSION = YES;
				CLANG_WARN_OBJC_IMPLICIT_RETAIN_SELF = YES;
				CLANG_WARN_OBJC_LITERAL_CONVERSION = YES;
				CLANG_WARN_OBJC_ROOT_CLASS = YES_ERROR;
				CLANG_WARN_RANGE_LOOP_ANALYSIS = YES;
				CLANG_WARN_STRICT_PROTOTYPES = YES;
				CLANG_WARN_SUSPICIOUS_MOVE = YES;
				CLANG_WARN_UNGUARDED_AVAILABILITY = YES_AGGRESSIVE;
				CLANG_WARN_UNREACHABLE_CODE = YES;
				CLANG_WARN__DUPLICATE_METHOD_MATCH = YES;
				COPY_PHASE_STRIP = NO;
				DEBUG_INFORMATION_FORMAT = "dwarf-with-dsym";
				ENABLE_NS_ASSERTIONS = NO;
				ENABLE_STRICT_OBJC_MSGSEND = YES;
				GCC_C_LANGUAGE_STANDARD = gnu11;
				GCC_NO_COMMON_BLOCKS = YES;
				GCC_WARN_64_TO_32_BIT_CONVERSION = YES;
				GCC_WARN_ABOUT_RETURN_TYPE = YES_ERROR;
				GCC_WARN_UNDECLARED_SELECTOR = YES;
				GCC_WARN_UNINITIALIZED_AUTOS = YES_AGGRESSIVE;
				GCC_WARN_UNUSED_FUNCTION = YES;
				GCC_WARN_UNUSED_VARIABLE = YES;
				IPHONEOS_DEPLOYMENT_TARGET = 13.0;
				MTL_ENABLE_DEBUG_INFO = NO;
				MTL_FAST_MATH = YES;
				SDKROOT = iphoneos;
				SWIFT_COMPILATION_MODE = wholemodule;
				SWIFT_OPTIMIZATION_LEVEL = "-O";
				VALIDATE_PRODUCT = YES;
			};
			name = Release;
		};
		B94099BE234B845E0037FC5E /* Debug */ = {
			isa = XCBuildConfiguration;
			buildSettings = {
				ASSETCATALOG_COMPILER_APPICON_NAME = AppIcon;
				CODE_SIGN_STYLE = Automatic;
				DEVELOPMENT_TEAM = S3FUXBGMUL;
				FRAMEWORK_SEARCH_PATHS = (
					"$(inherited)",
					"$(PROJECT_DIR)/Frameworks",
					"$(PROJECT_DIR)/Carthage/Build/iOS",
				);
				INFOPLIST_FILE = "Show Filter Sandbox/Info.plist";
				LD_RUNPATH_SEARCH_PATHS = (
					"$(inherited)",
					"@executable_path/Frameworks",
				);
				PRODUCT_BUNDLE_IDENTIFIER = "com.mavfarm.Show-Filter-Sandbox";
				PRODUCT_NAME = "$(TARGET_NAME)";
				SWIFT_VERSION = 5.0;
				TARGETED_DEVICE_FAMILY = "1,2";
			};
			name = Debug;
		};
		B94099BF234B845E0037FC5E /* Release */ = {
			isa = XCBuildConfiguration;
			buildSettings = {
				ASSETCATALOG_COMPILER_APPICON_NAME = AppIcon;
				CODE_SIGN_STYLE = Automatic;
				DEVELOPMENT_TEAM = S3FUXBGMUL;
				FRAMEWORK_SEARCH_PATHS = (
					"$(inherited)",
					"$(PROJECT_DIR)/Frameworks",
					"$(PROJECT_DIR)/Carthage/Build/iOS",
				);
				INFOPLIST_FILE = "Show Filter Sandbox/Info.plist";
				LD_RUNPATH_SEARCH_PATHS = (
					"$(inherited)",
					"@executable_path/Frameworks",
				);
				PRODUCT_BUNDLE_IDENTIFIER = "com.mavfarm.Show-Filter-Sandbox";
				PRODUCT_NAME = "$(TARGET_NAME)";
				SWIFT_VERSION = 5.0;
				TARGETED_DEVICE_FAMILY = "1,2";
			};
			name = Release;
		};
		B94099C1234B845E0037FC5E /* Debug */ = {
			isa = XCBuildConfiguration;
			buildSettings = {
				ALWAYS_EMBED_SWIFT_STANDARD_LIBRARIES = YES;
				BUNDLE_LOADER = "$(TEST_HOST)";
				CODE_SIGN_STYLE = Automatic;
				DEVELOPMENT_TEAM = S3FUXBGMUL;
				INFOPLIST_FILE = "Show Filter SandboxTests/Info.plist";
				IPHONEOS_DEPLOYMENT_TARGET = 13.0;
				LD_RUNPATH_SEARCH_PATHS = (
					"$(inherited)",
					"@executable_path/Frameworks",
					"@loader_path/Frameworks",
				);
				PRODUCT_BUNDLE_IDENTIFIER = "com.mavfarm.Show-Filter-SandboxTests";
				PRODUCT_NAME = "$(TARGET_NAME)";
				SWIFT_VERSION = 5.0;
				TARGETED_DEVICE_FAMILY = "1,2";
				TEST_HOST = "$(BUILT_PRODUCTS_DIR)/Show Filter Sandbox.app/Show Filter Sandbox";
			};
			name = Debug;
		};
		B94099C2234B845E0037FC5E /* Release */ = {
			isa = XCBuildConfiguration;
			buildSettings = {
				ALWAYS_EMBED_SWIFT_STANDARD_LIBRARIES = YES;
				BUNDLE_LOADER = "$(TEST_HOST)";
				CODE_SIGN_STYLE = Automatic;
				DEVELOPMENT_TEAM = S3FUXBGMUL;
				INFOPLIST_FILE = "Show Filter SandboxTests/Info.plist";
				IPHONEOS_DEPLOYMENT_TARGET = 13.0;
				LD_RUNPATH_SEARCH_PATHS = (
					"$(inherited)",
					"@executable_path/Frameworks",
					"@loader_path/Frameworks",
				);
				PRODUCT_BUNDLE_IDENTIFIER = "com.mavfarm.Show-Filter-SandboxTests";
				PRODUCT_NAME = "$(TARGET_NAME)";
				SWIFT_VERSION = 5.0;
				TARGETED_DEVICE_FAMILY = "1,2";
				TEST_HOST = "$(BUILT_PRODUCTS_DIR)/Show Filter Sandbox.app/Show Filter Sandbox";
			};
			name = Release;
		};
		B94099C4234B845E0037FC5E /* Debug */ = {
			isa = XCBuildConfiguration;
			buildSettings = {
				ALWAYS_EMBED_SWIFT_STANDARD_LIBRARIES = YES;
				CODE_SIGN_STYLE = Automatic;
				DEVELOPMENT_TEAM = S3FUXBGMUL;
				INFOPLIST_FILE = "Show Filter SandboxUITests/Info.plist";
				LD_RUNPATH_SEARCH_PATHS = (
					"$(inherited)",
					"@executable_path/Frameworks",
					"@loader_path/Frameworks",
				);
				PRODUCT_BUNDLE_IDENTIFIER = "com.mavfarm.Show-Filter-SandboxUITests";
				PRODUCT_NAME = "$(TARGET_NAME)";
				SWIFT_VERSION = 5.0;
				TARGETED_DEVICE_FAMILY = "1,2";
				TEST_TARGET_NAME = "Show Filter Sandbox";
			};
			name = Debug;
		};
		B94099C5234B845E0037FC5E /* Release */ = {
			isa = XCBuildConfiguration;
			buildSettings = {
				ALWAYS_EMBED_SWIFT_STANDARD_LIBRARIES = YES;
				CODE_SIGN_STYLE = Automatic;
				DEVELOPMENT_TEAM = S3FUXBGMUL;
				INFOPLIST_FILE = "Show Filter SandboxUITests/Info.plist";
				LD_RUNPATH_SEARCH_PATHS = (
					"$(inherited)",
					"@executable_path/Frameworks",
					"@loader_path/Frameworks",
				);
				PRODUCT_BUNDLE_IDENTIFIER = "com.mavfarm.Show-Filter-SandboxUITests";
				PRODUCT_NAME = "$(TARGET_NAME)";
				SWIFT_VERSION = 5.0;
				TARGETED_DEVICE_FAMILY = "1,2";
				TEST_TARGET_NAME = "Show Filter Sandbox";
			};
			name = Release;
		};
/* End XCBuildConfiguration section */

/* Begin XCConfigurationList section */
		B940998E234B845C0037FC5E /* Build configuration list for PBXProject "Show Filter Sandbox" */ = {
			isa = XCConfigurationList;
			buildConfigurations = (
				B94099BB234B845E0037FC5E /* Debug */,
				B94099BC234B845E0037FC5E /* Release */,
			);
			defaultConfigurationIsVisible = 0;
			defaultConfigurationName = Release;
		};
		B94099BD234B845E0037FC5E /* Build configuration list for PBXNativeTarget "Show Filter Sandbox" */ = {
			isa = XCConfigurationList;
			buildConfigurations = (
				B94099BE234B845E0037FC5E /* Debug */,
				B94099BF234B845E0037FC5E /* Release */,
			);
			defaultConfigurationIsVisible = 0;
			defaultConfigurationName = Release;
		};
		B94099C0234B845E0037FC5E /* Build configuration list for PBXNativeTarget "Show Filter SandboxTests" */ = {
			isa = XCConfigurationList;
			buildConfigurations = (
				B94099C1234B845E0037FC5E /* Debug */,
				B94099C2234B845E0037FC5E /* Release */,
			);
			defaultConfigurationIsVisible = 0;
			defaultConfigurationName = Release;
		};
		B94099C3234B845E0037FC5E /* Build configuration list for PBXNativeTarget "Show Filter SandboxUITests" */ = {
			isa = XCConfigurationList;
			buildConfigurations = (
				B94099C4234B845E0037FC5E /* Debug */,
				B94099C5234B845E0037FC5E /* Release */,
			);
			defaultConfigurationIsVisible = 0;
			defaultConfigurationName = Release;
		};
/* End XCConfigurationList section */
	};
	rootObject = B940998B234B845C0037FC5E /* Project object */;
}
